
Microsoft Visual Studio Solution File, Format Version 12.00
# Visual Studio 15
VisualStudioVersion = 15.0.28307.421
MinimumVisualStudioVersion = 10.0.40219.1
Project("{FAE04EC0-301F-11D3-BF4B-00C04F79EFBC}") = "Sum_2_Int", "Sum_2_Int\Sum_2_Int.csproj", "{D23A962E-104C-4DE8-9A43-A4D3D4407D27}"
EndProject
Global
	GlobalSection(SolutionConfigurationPlatforms) = preSolution
		Debug|Any CPU = Debug|Any CPU
		Release|Any CPU = Release|Any CPU
	EndGlobalSection
	GlobalSection(ProjectConfigurationPlatforms) = postSolution
		{D23A962E-104C-4DE8-9A43-A4D3D4407D27}.Debug|Any CPU.ActiveCfg = Debug|Any CPU
		{D23A962E-104C-4DE8-9A43-A4D3D4407D27}.Debug|Any CPU.Build.0 = Debug|Any CPU
		{D23A962E-104C-4DE8-9A43-A4D3D4407D27}.Release|Any CPU.ActiveCfg = Release|Any CPU
		{D23A962E-104C-4DE8-9A43-A4D3D4407D27}.Release|Any CPU.Build.0 = Release|Any CPU
	EndGlobalSection
	GlobalSection(SolutionProperties) = preSolution
		HideSolutionNode = FALSE
	EndGlobalSection
	GlobalSection(ExtensibilityGlobals) = postSolution
		SolutionGuid = {2BDA6889-1743-45EF-94F0-D8364CE170FF}
	EndGlobalSection
EndGlobal
